// !$*UTF8*$!
{
	archiveVersion = 1;
	classes = {
	};
	objectVersion = 46;
	objects = {

/* Begin PBXBuildFile section */
		FB7964D01EF23DA40047152B /* AppDelegate.swift in Sources */ = {isa = PBXBuildFile; fileRef = FB7964CF1EF23DA40047152B /* AppDelegate.swift */; };
		FB7964D21EF23DA40047152B /* ViewController.swift in Sources */ = {isa = PBXBuildFile; fileRef = FB7964D11EF23DA40047152B /* ViewController.swift */; };
		FB7964D51EF23DA40047152B /* Main.storyboard in Resources */ = {isa = PBXBuildFile; fileRef = FB7964D31EF23DA40047152B /* Main.storyboard */; };
		FB7964D71EF23DA40047152B /* Assets.xcassets in Resources */ = {isa = PBXBuildFile; fileRef = FB7964D61EF23DA40047152B /* Assets.xcassets */; };
		FB7964DA1EF23DA40047152B /* LaunchScreen.storyboard in Resources */ = {isa = PBXBuildFile; fileRef = FB7964D81EF23DA40047152B /* LaunchScreen.storyboard */; };
/* End PBXBuildFile section */

/* Begin PBXFileReference section */
		FB7964CC1EF23DA40047152B /* Data Storing Permanently.app */ = {isa = PBXFileReference; explicitFileType = wrapper.application; includeInIndex = 0; path = "Data Storing Permanently.app"; sourceTree = BUILT_PRODUCTS_DIR; };
		FB7964CF1EF23DA40047152B /* AppDelegate.swift */ = {isa = PBXFileReference; lastKnownFileType = sourcecode.swift; path = AppDelegate.swift; sourceTree = "<group>"; };
		FB7964D11EF23DA40047152B /* ViewController.swift */ = {isa = PBXFileReference; lastKnownFileType = sourcecode.swift; path = ViewController.swift; sourceTree = "<group>"; };
		FB7964D41EF23DA40047152B /* Base */ = {isa = PBXFileReference; lastKnownFileType = file.storyboard; name = Base; path = Base.lproj/Main.storyboard; sourceTree = "<group>"; };
		FB7964D61EF23DA40047152B /* Assets.xcassets */ = {isa = PBXFileReference; lastKnownFileType = folder.assetcatalog; path = Assets.xcassets; sourceTree = "<group>"; };
		FB7964D91EF23DA40047152B /* Base */ = {isa = PBXFileReference; lastKnownFileType = file.storyboard; name = Base; path = Base.lproj/LaunchScreen.storyboard; sourceTree = "<group>"; };
		FB7964DB1EF23DA40047152B /* Info.plist */ = {isa = PBXFileReference; lastKnownFileType = text.plist.xml; path = Info.plist; sourceTree = "<group>"; };
/* End PBXFileReference section */

/* Begin PBXFrameworksBuildPhase section */
		FB7964C91EF23DA40047152B /* Frameworks */ = {
			isa = PBXFrameworksBuildPhase;
			buildActionMask = 2147483647;
			files = (
			);
			runOnlyForDeploymentPostprocessing = 0;
		};
/* End PBXFrameworksBuildPhase section */

/* Begin PBXGroup section */
		FB7964C31EF23DA40047152B = {
			isa = PBXGroup;
			children = (
				FB7964CE1EF23DA40047152B /* Data Storing Permanently */,
				FB7964CD1EF23DA40047152B /* Products */,
			);
			sourceTree = "<group>";
		};
		FB7964CD1EF23DA40047152B /* Products */ = {
			isa = PBXGroup;
			children = (
				FB7964CC1EF23DA40047152B /* Data Storing Permanently.app */,
			);
			name = Products;
			sourceTree = "<group>";
		};
		FB7964CE1EF23DA40047152B /* Data Storing Permanently */ = {
			isa = PBXGroup;
			children = (
				FB7964CF1EF23DA40047152B /* AppDelegate.swift */,
				FB7964D11EF23DA40047152B /* ViewController.swift */,
				FB7964D31EF23DA40047152B /* Main.storyboard */,
				FB7964D61EF23DA40047152B /* Assets.xcassets */,
				FB7964D81EF23DA40047152B /* LaunchScreen.storyboard */,
				FB7964DB1EF23DA40047152B /* Info.plist */,
			);
			path = "Data Storing Permanently";
			sourceTree = "<group>";
		};
/* End PBXGroup section */

/* Begin PBXNativeTarget section */
		FB7964CB1EF23DA40047152B /* Data Storing Permanently */ = {
			isa = PBXNativeTarget;
			buildConfigurationList = FB7964DE1EF23DA40047152B /* Build configuration list for PBXNativeTarget "Data Storing Permanently" */;
			buildPhases = (
				FB7964C81EF23DA40047152B /* Sources */,
				FB7964C91EF23DA40047152B /* Frameworks */,
				FB7964CA1EF23DA40047152B /* Resources */,
			);
			buildRules = (
			);
			dependencies = (
			);
			name = "Data Storing Permanently";
			productName = "Data Storing Permanently";
			productReference = FB7964CC1EF23DA40047152B /* Data Storing Permanently.app */;
			productType = "com.apple.product-type.application";
		};
/* End PBXNativeTarget section */

/* Begin PBXProject section */
		FB7964C41EF23DA40047152B /* Project object */ = {
			isa = PBXProject;
			attributes = {
				LastSwiftUpdateCheck = 0830;
				LastUpgradeCheck = 0830;
				ORGANIZATIONNAME = SNRU;
				TargetAttributes = {
					FB7964CB1EF23DA40047152B = {
						CreatedOnToolsVersion = 8.3.3;
						ProvisioningStyle = Automatic;
					};
				};
			};
			buildConfigurationList = FB7964C71EF23DA40047152B /* Build configuration list for PBXProject "Data Storing Permanently" */;
			compatibilityVersion = "Xcode 3.2";
			developmentRegion = English;
			hasScannedForEncodings = 0;
			knownRegions = (
				en,
				Base,
			);
			mainGroup = FB7964C31EF23DA40047152B;
			productRefGroup = FB7964CD1EF23DA40047152B /* Products */;
			projectDirPath = "";
			projectRoot = "";
			targets = (
				FB7964CB1EF23DA40047152B /* Data Storing Permanently */,
			);
		};
/* End PBXProject section */

/* Begin PBXResourcesBuildPhase section */
		FB7964CA1EF23DA40047152B /* Resources */ = {
			isa = PBXResourcesBuildPhase;
			buildActionMask = 2147483647;
			files = (
				FB7964DA1EF23DA40047152B /* LaunchScreen.storyboard in Resources */,
				FB7964D71EF23DA40047152B /* Assets.xcassets in Resources */,
				FB7964D51EF23DA40047152B /* Main.storyboard in Resources */,
			);
			runOnlyForDeploymentPostprocessing = 0;
		};
/* End PBXResourcesBuildPhase section */

/* Begin PBXSourcesBuildPhase section */
		FB7964C81EF23DA40047152B /* Sources */ = {
			isa = PBXSourcesBuildPhase;
			buildActionMask = 2147483647;
			files = (
				FB7964D21EF23DA40047152B /* ViewController.swift in Sources */,
				FB7964D01EF23DA40047152B /* AppDelegate.swift in Sources */,
			);
			runOnlyForDeploymentPostprocessing = 0;
		};
/* End PBXSourcesBuildPhase section */

/* Begin PBXVariantGroup section */
		FB7964D31EF23DA40047152B /* Main.storyboard */ = {
			isa = PBXVariantGroup;
			children = (
				FB7964D41EF23DA40047152B /* Base */,
			);
			name = Main.storyboard;
			sourceTree = "<group>";
		};
		FB7964D81EF23DA40047152B /* LaunchScreen.storyboard */ = {
			isa = PBXVariantGroup;
			children = (
				FB7964D91EF23DA40047152B /* Base */,
			);
			name = LaunchScreen.storyboard;
			sourceTree = "<group>";
		};
/* End PBXVariantGroup section */

/* Begin XCBuildConfiguration section */
		FB7964DC1EF23DA40047152B /* Debug */ = {
			isa = XCBuildConfiguration;
			buildSettings = {
				ALWAYS_SEARCH_USER_PATHS = NO;
				CLANG_ANALYZER_NONNULL = YES;
				CLANG_ANALYZER_NUMBER_OBJECT_CONVERSION = YES_AGGRESSIVE;
				CLANG_CXX_LANGUAGE_STANDARD = "gnu++0x";
				CLANG_CXX_LIBRARY = "libc++";
				CLANG_ENABLE_MODULES = YES;
				CLANG_ENABLE_OBJC_ARC = YES;
				CLANG_WARN_BOOL_CONVERSION = YES;
				CLANG_WARN_CONSTANT_CONVERSION = YES;
				CLANG_WARN_DIRECT_OBJC_ISA_USAGE = YES_ERROR;
				CLANG_WARN_DOCUMENTATION_COMMENTS = YES;
				CLANG_WARN_EMPTY_BODY = YES;
				CLANG_WARN_ENUM_CONVERSION = YES;
				CLANG_WARN_INFINITE_RECURSION = YES;
				CLANG_WARN_INT_CONVERSION = YES;
				CLANG_WARN_OBJC_ROOT_CLASS = YES_ERROR;
				CLANG_WARN_SUSPICIOUS_MOVE = YES;
				CLANG_WARN_UNREACHABLE_CODE = YES;
				CLANG_WARN__DUPLICATE_METHOD_MATCH = YES;
				"CODE_SIGN_IDENTITY[sdk=iphoneos*]" = "iPhone Developer";
				COPY_PHASE_STRIP = NO;
				DEBUG_INFORMATION_FORMAT = dwarf;
				ENABLE_STRICT_OBJC_MSGSEND = YES;
				ENABLE_TESTABILITY = YES;
				GCC_C_LANGUAGE_STANDARD = gnu99;
				GCC_DYNAMIC_NO_PIC = NO;
				GCC_NO_COMMON_BLOCKS = YES;
				GCC_OPTIMIZATION_LEVEL = 0;
				GCC_PREPROCESSOR_DEFINITIONS = (
					"DEBUG=1",
					"$(inherited)",
				);
				GCC_WARN_64_TO_32_BIT_CONVERSION = YES;
				GCC_WARN_ABOUT_RETURN_TYPE = YES_ERROR;
				GCC_WARN_UNDECLARED_SELECTOR = YES;
				GCC_WARN_UNINITIALIZED_AUTOS = YES_AGGRESSIVE;
				GCC_WARN_UNUSED_FUNCTION = YES;
				GCC_WARN_UNUSED_VARIABLE = YES;
				IPHONEOS_DEPLOYMENT_TARGET = 10.3;
				MTL_ENABLE_DEBUG_INFO = YES;
				ONLY_ACTIVE_ARCH = YES;
				SDKROOT = iphoneos;
				SWIFT_ACTIVE_COMPILATION_CONDITIONS = DEBUG;
				SWIFT_OPTIMIZATION_LEVEL = "-Onone";
				TARGETED_DEVICE_FAMILY = "1,2";
			};
			name = Debug;
		};
		FB7964DD1EF23DA40047152B /* Release */ = {
			isa = XCBuildConfiguration;
			buildSettings = {
				ALWAYS_SEARCH_USER_PATHS = NO;
				CLANG_ANALYZER_NONNULL = YES;
				CLANG_ANALYZER_NUMBER_OBJECT_CONVERSION = YES_AGGRESSIVE;
				CLANG_CXX_LANGUAGE_STANDARD = "gnu++0x";
				CLANG_CXX_LIBRARY = "libc++";
				CLANG_ENABLE_MODULES = YES;
				CLANG_ENABLE_OBJC_ARC = YES;
				CLANG_WARN_BOOL_CONVERSION = YES;
				CLANG_WARN_CONSTANT_CONVERSION = YES;
				CLANG_WARN_DIRECT_OBJC_ISA_USAGE = YES_ERROR;
				CLANG_WARN_DOCUMENTATION_COMMENTS = YES;
				CLANG_WARN_EMPTY_BODY = YES;
				CLANG_WARN_ENUM_CONVERSION = YES;
				CLANG_WARN_INFINITE_RECURSION = YES;
				CLANG_WARN_INT_CONVERSION = YES;
				CLANG_WARN_OBJC_ROOT_CLASS = YES_ERROR;
				CLANG_WARN_SUSPICIOUS_MOVE = YES;
				CLANG_WARN_UNREACHABLE_CODE = YES;
				CLANG_WARN__DUPLICATE_METHOD_MATCH = YES;
				"CODE_SIGN_IDENTITY[sdk=iphoneos*]" = "iPhone Developer";
				COPY_PHASE_STRIP = NO;
				DEBUG_INFORMATION_FORMAT = "dwarf-with-dsym";
				ENABLE_NS_ASSERTIONS = NO;
				ENABLE_STRICT_OBJC_MSGSEND = YES;
				GCC_C_LANGUAGE_STANDARD = gnu99;
				GCC_NO_COMMON_BLOCKS = YES;
				GCC_WARN_64_TO_32_BIT_CONVERSION = YES;
				GCC_WARN_ABOUT_RETURN_TYPE = YES_ERROR;
				GCC_WARN_UNDECLARED_SELECTOR = YES;
				GCC_WARN_UNINITIALIZED_AUTOS = YES_AGGRESSIVE;
				GCC_WARN_UNUSED_FUNCTION = YES;
				GCC_WARN_UNUSED_VARIABLE = YES;
				IPHONEOS_DEPLOYMENT_TARGET = 10.3;
				MTL_ENABLE_DEBUG_INFO = NO;
				SDKROOT = iphoneos;
				SWIFT_OPTIMIZATION_LEVEL = "-Owholemodule";
				TARGETED_DEVICE_FAMILY = "1,2";
				VALIDATE_PRODUCT = YES;
			};
			name = Release;
		};
		FB7964DF1EF23DA40047152B /* Debug */ = {
			isa = XCBuildConfiguration;
			buildSettings = {
				ASSETCATALOG_COMPILER_APPICON_NAME = AppIcon;
				INFOPLIST_FILE = "Data Storing Permanently/Info.plist";
				LD_RUNPATH_SEARCH_PATHS = "$(inherited) @executable_path/Frameworks";
				PRODUCT_BUNDLE_IDENTIFIER = "Computer.Netchanok.Data-Storing-Permanently";
				PRODUCT_NAME = "$(TARGET_NAME)";
				SWIFT_VERSION = 3.0;
			};
			name = Debug;
		};
		FB7964E01EF23DA40047152B /* Release */ = {
			isa = XCBuildConfiguration;
			buildSettings = {
				ASSETCATALOG_COMPILER_APPICON_NAME = AppIcon;
				INFOPLIST_FILE = "Data Storing Permanently/Info.plist";
				LD_RUNPATH_SEARCH_PATHS = "$(inherited) @executable_path/Frameworks";
				PRODUCT_BUNDLE_IDENTIFIER = "Computer.Netchanok.Data-Storing-Permanently";
				PRODUCT_NAME = "$(TARGET_NAME)";
				SWIFT_VERSION = 3.0;
			};
			name = Release;
		};
/* End XCBuildConfiguration section */

/* Begin XCConfigurationList section */
		FB7964C71EF23DA40047152B /* Build configuration list for PBXProject "Data Storing Permanently" */ = {
			isa = XCConfigurationList;
			buildConfigurations = (
				FB7964DC1EF23DA40047152B /* Debug */,
				FB7964DD1EF23DA40047152B /* Release */,
			);
			defaultConfigurationIsVisible = 0;
			defaultConfigurationName = Release;
		};
		FB7964DE1EF23DA40047152B /* Build configuration list for PBXNativeTarget "Data Storing Permanently" */ = {
			isa = XCConfigurationList;
			buildConfigurations = (
				FB7964DF1EF23DA40047152B /* Debug */,
				FB7964E01EF23DA40047152B /* Release */,
			);
			defaultConfigurationIsVisible = 0;
		};
/* End XCConfigurationList section */
	};
	rootObject = FB7964C41EF23DA40047152B /* Project object */;
}
